
Microsoft Visual Studio Solution File, Format Version 12.00
# Visual Studio Version 17
VisualStudioVersion = 17.11.35327.3
MinimumVisualStudioVersion = 10.0.40219.1
Project("{9A19103F-16F7-4668-BE54-9A1E7A4F7556}") = "App01", "App1\App01.csproj", "{5FD6B8E3-5C4A-4BCE-BC26-4722BF3ABACD}"
EndProject
Project("{9A19103F-16F7-4668-BE54-9A1E7A4F7556}") = "App02", "App2\App02.csproj", "{64EA8AD3-EA82-4701-BE5E-908FAAFE5F17}"
EndProject
Project("{9A19103F-16F7-4668-BE54-9A1E7A4F7556}") = "App03", "App3\App03.csproj", "{B3EFA597-71E0-4BA5-A633-E06E987B7CE2}"
EndProject
Project("{9A19103F-16F7-4668-BE54-9A1E7A4F7556}") = "App04", "App4\App04.csproj", "{61456B00-21F1-412B-A93E-5FC0A572805E}"
EndProject
Project("{9A19103F-16F7-4668-BE54-9A1E7A4F7556}") = "App05", "App5\App05.csproj", "{1C1256F5-FFEA-4E93-A54B-DDB7CFB0BF96}"
EndProject
Project("{9A19103F-16F7-4668-BE54-9A1E7A4F7556}") = "App06", "App6\App06.csproj", "{71FC4E07-7F1D-448A-A327-F61101004997}"
EndProject
Project("{9A19103F-16F7-4668-BE54-9A1E7A4F7556}") = "App07", "App7\App07.csproj", "{9312B1FC-35D0-40E8-BA2D-85F04FBE0687}"
EndProject
Project("{9A19103F-16F7-4668-BE54-9A1E7A4F7556}") = "App08", "App08\App08.csproj", "{393B4078-68D7-45D7-B7D9-23F5028DA61F}"
EndProject
Project("{9A19103F-16F7-4668-BE54-9A1E7A4F7556}") = "App09", "App09\App09.csproj", "{29385C4E-B028-489F-B6D9-24D26679FAA3}"
EndProject
Project("{9A19103F-16F7-4668-BE54-9A1E7A4F7556}") = "App10", "App10\App10.csproj", "{91A992ED-CB0C-4222-813D-23A0FAED656E}"
EndProject
Project("{9A19103F-16F7-4668-BE54-9A1E7A4F7556}") = "App11", "App11\App11.csproj", "{DD57B09D-F650-4160-AED2-986E0898EFA6}"
EndProject
Project("{9A19103F-16F7-4668-BE54-9A1E7A4F7556}") = "App12", "App12\App12.csproj", "{503822A1-9955-4971-9385-BABE59E1BA8C}"
EndProject
Project("{9A19103F-16F7-4668-BE54-9A1E7A4F7556}") = "App13", "App13\App13.csproj", "{9B505F4A-5FB9-4E61-956C-5EB7FEF4B4EC}"
EndProject
Project("{9A19103F-16F7-4668-BE54-9A1E7A4F7556}") = "App14", "App14\App14.csproj", "{B95C6A5C-BDE8-4691-850B-764481A08E08}"
EndProject
Project("{9A19103F-16F7-4668-BE54-9A1E7A4F7556}") = "ApplicationController", "ApplicationController\ApplicationController.csproj", "{5F345E0D-FF35-45ED-961A-00297870F3BD}"
EndProject
Project("{9A19103F-16F7-4668-BE54-9A1E7A4F7556}") = "ITSchool.AppUtilities", "ITSchool.AppUtilities\ITSchool.AppUtilities.csproj", "{67C960F5-451E-4E17-9614-23EDDB998E36}"
EndProject
Project("{9A19103F-16F7-4668-BE54-9A1E7A4F7556}") = "App15", "App15\App15.csproj", "{9529EB53-A98A-4F9A-9341-38CB69179D46}"
EndProject
Project("{9A19103F-16F7-4668-BE54-9A1E7A4F7556}") = "App16", "App16\App16.csproj", "{61F897E7-A37F-4591-AB31-EB19BC92D30F}"
EndProject
Project("{FAE04EC0-301F-11D3-BF4B-00C04F79EFBC}") = "App17", "App17\App17.csproj", "{C3944C2B-4A69-4481-8FC5-D278DD2D07BA}"
EndProject
Global
	GlobalSection(SolutionConfigurationPlatforms) = preSolution
		Debug|Any CPU = Debug|Any CPU
		Release|Any CPU = Release|Any CPU
	EndGlobalSection
	GlobalSection(ProjectConfigurationPlatforms) = postSolution
		{5FD6B8E3-5C4A-4BCE-BC26-4722BF3ABACD}.Debug|Any CPU.ActiveCfg = Debug|Any CPU
		{5FD6B8E3-5C4A-4BCE-BC26-4722BF3ABACD}.Debug|Any CPU.Build.0 = Debug|Any CPU
		{5FD6B8E3-5C4A-4BCE-BC26-4722BF3ABACD}.Release|Any CPU.ActiveCfg = Release|Any CPU
		{5FD6B8E3-5C4A-4BCE-BC26-4722BF3ABACD}.Release|Any CPU.Build.0 = Release|Any CPU
		{64EA8AD3-EA82-4701-BE5E-908FAAFE5F17}.Debug|Any CPU.ActiveCfg = Debug|Any CPU
		{64EA8AD3-EA82-4701-BE5E-908FAAFE5F17}.Debug|Any CPU.Build.0 = Debug|Any CPU
		{64EA8AD3-EA82-4701-BE5E-908FAAFE5F17}.Release|Any CPU.ActiveCfg = Release|Any CPU
		{64EA8AD3-EA82-4701-BE5E-908FAAFE5F17}.Release|Any CPU.Build.0 = Release|Any CPU
		{B3EFA597-71E0-4BA5-A633-E06E987B7CE2}.Debug|Any CPU.ActiveCfg = Debug|Any CPU
		{B3EFA597-71E0-4BA5-A633-E06E987B7CE2}.Debug|Any CPU.Build.0 = Debug|Any CPU
		{B3EFA597-71E0-4BA5-A633-E06E987B7CE2}.Release|Any CPU.ActiveCfg = Release|Any CPU
		{B3EFA597-71E0-4BA5-A633-E06E987B7CE2}.Release|Any CPU.Build.0 = Release|Any CPU
		{61456B00-21F1-412B-A93E-5FC0A572805E}.Debug|Any CPU.ActiveCfg = Debug|Any CPU
		{61456B00-21F1-412B-A93E-5FC0A572805E}.Debug|Any CPU.Build.0 = Debug|Any CPU
		{61456B00-21F1-412B-A93E-5FC0A572805E}.Release|Any CPU.ActiveCfg = Release|Any CPU
		{61456B00-21F1-412B-A93E-5FC0A572805E}.Release|Any CPU.Build.0 = Release|Any CPU
		{1C1256F5-FFEA-4E93-A54B-DDB7CFB0BF96}.Debug|Any CPU.ActiveCfg = Debug|Any CPU
		{1C1256F5-FFEA-4E93-A54B-DDB7CFB0BF96}.Debug|Any CPU.Build.0 = Debug|Any CPU
		{1C1256F5-FFEA-4E93-A54B-DDB7CFB0BF96}.Release|Any CPU.ActiveCfg = Release|Any CPU
		{1C1256F5-FFEA-4E93-A54B-DDB7CFB0BF96}.Release|Any CPU.Build.0 = Release|Any CPU
		{71FC4E07-7F1D-448A-A327-F61101004997}.Debug|Any CPU.ActiveCfg = Debug|Any CPU
		{71FC4E07-7F1D-448A-A327-F61101004997}.Debug|Any CPU.Build.0 = Debug|Any CPU
		{71FC4E07-7F1D-448A-A327-F61101004997}.Release|Any CPU.ActiveCfg = Release|Any CPU
		{71FC4E07-7F1D-448A-A327-F61101004997}.Release|Any CPU.Build.0 = Release|Any CPU
		{9312B1FC-35D0-40E8-BA2D-85F04FBE0687}.Debug|Any CPU.ActiveCfg = Debug|Any CPU
		{9312B1FC-35D0-40E8-BA2D-85F04FBE0687}.Debug|Any CPU.Build.0 = Debug|Any CPU
		{9312B1FC-35D0-40E8-BA2D-85F04FBE0687}.Release|Any CPU.ActiveCfg = Release|Any CPU
		{9312B1FC-35D0-40E8-BA2D-85F04FBE0687}.Release|Any CPU.Build.0 = Release|Any CPU
		{393B4078-68D7-45D7-B7D9-23F5028DA61F}.Debug|Any CPU.ActiveCfg = Debug|Any CPU
		{393B4078-68D7-45D7-B7D9-23F5028DA61F}.Debug|Any CPU.Build.0 = Debug|Any CPU
		{393B4078-68D7-45D7-B7D9-23F5028DA61F}.Release|Any CPU.ActiveCfg = Release|Any CPU
		{393B4078-68D7-45D7-B7D9-23F5028DA61F}.Release|Any CPU.Build.0 = Release|Any CPU
		{29385C4E-B028-489F-B6D9-24D26679FAA3}.Debug|Any CPU.ActiveCfg = Debug|Any CPU
		{29385C4E-B028-489F-B6D9-24D26679FAA3}.Debug|Any CPU.Build.0 = Debug|Any CPU
		{29385C4E-B028-489F-B6D9-24D26679FAA3}.Release|Any CPU.ActiveCfg = Release|Any CPU
		{29385C4E-B028-489F-B6D9-24D26679FAA3}.Release|Any CPU.Build.0 = Release|Any CPU
		{91A992ED-CB0C-4222-813D-23A0FAED656E}.Debug|Any CPU.ActiveCfg = Debug|Any CPU
		{91A992ED-CB0C-4222-813D-23A0FAED656E}.Debug|Any CPU.Build.0 = Debug|Any CPU
		{91A992ED-CB0C-4222-813D-23A0FAED656E}.Release|Any CPU.ActiveCfg = Release|Any CPU
		{91A992ED-CB0C-4222-813D-23A0FAED656E}.Release|Any CPU.Build.0 = Release|Any CPU
		{DD57B09D-F650-4160-AED2-986E0898EFA6}.Debug|Any CPU.ActiveCfg = Debug|Any CPU
		{DD57B09D-F650-4160-AED2-986E0898EFA6}.Debug|Any CPU.Build.0 = Debug|Any CPU
		{DD57B09D-F650-4160-AED2-986E0898EFA6}.Release|Any CPU.ActiveCfg = Release|Any CPU
		{DD57B09D-F650-4160-AED2-986E0898EFA6}.Release|Any CPU.Build.0 = Release|Any CPU
		{503822A1-9955-4971-9385-BABE59E1BA8C}.Debug|Any CPU.ActiveCfg = Debug|Any CPU
		{503822A1-9955-4971-9385-BABE59E1BA8C}.Debug|Any CPU.Build.0 = Debug|Any CPU
		{503822A1-9955-4971-9385-BABE59E1BA8C}.Release|Any CPU.ActiveCfg = Release|Any CPU
		{503822A1-9955-4971-9385-BABE59E1BA8C}.Release|Any CPU.Build.0 = Release|Any CPU
		{9B505F4A-5FB9-4E61-956C-5EB7FEF4B4EC}.Debug|Any CPU.ActiveCfg = Debug|Any CPU
		{9B505F4A-5FB9-4E61-956C-5EB7FEF4B4EC}.Debug|Any CPU.Build.0 = Debug|Any CPU
		{9B505F4A-5FB9-4E61-956C-5EB7FEF4B4EC}.Release|Any CPU.ActiveCfg = Release|Any CPU
		{9B505F4A-5FB9-4E61-956C-5EB7FEF4B4EC}.Release|Any CPU.Build.0 = Release|Any CPU
		{B95C6A5C-BDE8-4691-850B-764481A08E08}.Debug|Any CPU.ActiveCfg = Debug|Any CPU
		{B95C6A5C-BDE8-4691-850B-764481A08E08}.Debug|Any CPU.Build.0 = Debug|Any CPU
		{B95C6A5C-BDE8-4691-850B-764481A08E08}.Release|Any CPU.ActiveCfg = Release|Any CPU
		{B95C6A5C-BDE8-4691-850B-764481A08E08}.Release|Any CPU.Build.0 = Release|Any CPU
		{5F345E0D-FF35-45ED-961A-00297870F3BD}.Debug|Any CPU.ActiveCfg = Debug|Any CPU
		{5F345E0D-FF35-45ED-961A-00297870F3BD}.Debug|Any CPU.Build.0 = Debug|Any CPU
		{5F345E0D-FF35-45ED-961A-00297870F3BD}.Release|Any CPU.ActiveCfg = Release|Any CPU
		{5F345E0D-FF35-45ED-961A-00297870F3BD}.Release|Any CPU.Build.0 = Release|Any CPU
		{67C960F5-451E-4E17-9614-23EDDB998E36}.Debug|Any CPU.ActiveCfg = Debug|Any CPU
		{67C960F5-451E-4E17-9614-23EDDB998E36}.Debug|Any CPU.Build.0 = Debug|Any CPU
		{67C960F5-451E-4E17-9614-23EDDB998E36}.Release|Any CPU.ActiveCfg = Release|Any CPU
		{67C960F5-451E-4E17-9614-23EDDB998E36}.Release|Any CPU.Build.0 = Release|Any CPU
		{9529EB53-A98A-4F9A-9341-38CB69179D46}.Debug|Any CPU.ActiveCfg = Debug|Any CPU
		{9529EB53-A98A-4F9A-9341-38CB69179D46}.Debug|Any CPU.Build.0 = Debug|Any CPU
		{9529EB53-A98A-4F9A-9341-38CB69179D46}.Release|Any CPU.ActiveCfg = Release|Any CPU
		{9529EB53-A98A-4F9A-9341-38CB69179D46}.Release|Any CPU.Build.0 = Release|Any CPU
		{61F897E7-A37F-4591-AB31-EB19BC92D30F}.Debug|Any CPU.ActiveCfg = Debug|Any CPU
		{61F897E7-A37F-4591-AB31-EB19BC92D30F}.Debug|Any CPU.Build.0 = Debug|Any CPU
		{61F897E7-A37F-4591-AB31-EB19BC92D30F}.Release|Any CPU.ActiveCfg = Release|Any CPU
		{61F897E7-A37F-4591-AB31-EB19BC92D30F}.Release|Any CPU.Build.0 = Release|Any CPU
		{C3944C2B-4A69-4481-8FC5-D278DD2D07BA}.Debug|Any CPU.ActiveCfg = Debug|Any CPU
		{C3944C2B-4A69-4481-8FC5-D278DD2D07BA}.Debug|Any CPU.Build.0 = Debug|Any CPU
		{C3944C2B-4A69-4481-8FC5-D278DD2D07BA}.Release|Any CPU.ActiveCfg = Release|Any CPU
		{C3944C2B-4A69-4481-8FC5-D278DD2D07BA}.Release|Any CPU.Build.0 = Release|Any CPU
	EndGlobalSection
	GlobalSection(SolutionProperties) = preSolution
		HideSolutionNode = FALSE
	EndGlobalSection
	GlobalSection(ExtensibilityGlobals) = postSolution
		SolutionGuid = {B618DD02-092A-4F00-9C52-60BCB4639981}
	EndGlobalSection
EndGlobal
